
Microsoft Visual Studio Solution File, Format Version 12.00
# Visual Studio Version 17
VisualStudioVersion = 17.2.32630.192
MinimumVisualStudioVersion = 10.0.40219.1
Project("{FAE04EC0-301F-11D3-BF4B-00C04F79EFBC}") = "InterfacesAndGenerics", "InterfacesAndGenerics\InterfacesAndGenerics.csproj", "{952F1D47-132B-4019-8D0B-337386E5D0EA}"
EndProject
Project("{2150E333-8FDC-42A3-9474-1A3956D46DE8}") = "Solution Items", "Solution Items", "{71EA8684-95A0-4C60-AA9C-31844A1DC95B}"
	ProjectSection(SolutionItems) = preProject
		README.md = README.md
	EndProjectSection
EndProject
Global
	GlobalSection(SolutionConfigurationPlatforms) = preSolution
		Debug|Any CPU = Debug|Any CPU
		Release|Any CPU = Release|Any CPU
	EndGlobalSection
	GlobalSection(ProjectConfigurationPlatforms) = postSolution
		{952F1D47-132B-4019-8D0B-337386E5D0EA}.Debug|Any CPU.ActiveCfg = Debug|Any CPU
		{952F1D47-132B-4019-8D0B-337386E5D0EA}.Debug|Any CPU.Build.0 = Debug|Any CPU
		{952F1D47-132B-4019-8D0B-337386E5D0EA}.Release|Any CPU.ActiveCfg = Release|Any CPU
		{952F1D47-132B-4019-8D0B-337386E5D0EA}.Release|Any CPU.Build.0 = Release|Any CPU
	EndGlobalSection
	GlobalSection(SolutionProperties) = preSolution
		HideSolutionNode = FALSE
	EndGlobalSection
	GlobalSection(ExtensibilityGlobals) = postSolution
		SolutionGuid = {71A1EA77-7B70-4F38-8075-964B18A7D3B7}
	EndGlobalSection
EndGlobal
